
Microsoft Visual Studio Solution File, Format Version 12.00
# Visual Studio 15
VisualStudioVersion = 15.0.28010.2016
MinimumVisualStudioVersion = 10.0.40219.1
Project("{FAE04EC0-301F-11D3-BF4B-00C04F79EFBC}") = "Minesweeper", "Minesweeper\Minesweeper.csproj", "{9E128F24-7C82-42A3-8C0C-73509D027A74}"
EndProject
Project("{9A19103F-16F7-4668-BE54-9A1E7A4F7556}") = "BusinessLogic", "BusinessLogic\BusinessLogic.csproj", "{A60C205E-8600-46B6-94DB-E282C142D545}"
EndProject
Project("{FAE04EC0-301F-11D3-BF4B-00C04F79EFBC}") = "BusinessLogic.Tests", "BusinessLogic.Tests\BusinessLogic.Tests.csproj", "{4B9477C2-25BC-4CB5-8849-2BA94C8F0F4B}"
EndProject
Project("{FAE04EC0-301F-11D3-BF4B-00C04F79EFBC}") = "MinesweeperConsole", "MinesweeperConsole\MinesweeperConsole.csproj", "{66FD63E5-831B-4236-A319-A41DC9C2D076}"
EndProject
Global
	GlobalSection(SolutionConfigurationPlatforms) = preSolution
		Debug|Any CPU = Debug|Any CPU
		Release|Any CPU = Release|Any CPU
	EndGlobalSection
	GlobalSection(ProjectConfigurationPlatforms) = postSolution
		{9E128F24-7C82-42A3-8C0C-73509D027A74}.Debug|Any CPU.ActiveCfg = Debug|Any CPU
		{9E128F24-7C82-42A3-8C0C-73509D027A74}.Debug|Any CPU.Build.0 = Debug|Any CPU
		{9E128F24-7C82-42A3-8C0C-73509D027A74}.Release|Any CPU.ActiveCfg = Release|Any CPU
		{9E128F24-7C82-42A3-8C0C-73509D027A74}.Release|Any CPU.Build.0 = Release|Any CPU
		{A60C205E-8600-46B6-94DB-E282C142D545}.Debug|Any CPU.ActiveCfg = Debug|Any CPU
		{A60C205E-8600-46B6-94DB-E282C142D545}.Debug|Any CPU.Build.0 = Debug|Any CPU
		{A60C205E-8600-46B6-94DB-E282C142D545}.Release|Any CPU.ActiveCfg = Release|Any CPU
		{A60C205E-8600-46B6-94DB-E282C142D545}.Release|Any CPU.Build.0 = Release|Any CPU
		{4B9477C2-25BC-4CB5-8849-2BA94C8F0F4B}.Debug|Any CPU.ActiveCfg = Debug|Any CPU
		{4B9477C2-25BC-4CB5-8849-2BA94C8F0F4B}.Debug|Any CPU.Build.0 = Debug|Any CPU
		{4B9477C2-25BC-4CB5-8849-2BA94C8F0F4B}.Release|Any CPU.ActiveCfg = Release|Any CPU
		{4B9477C2-25BC-4CB5-8849-2BA94C8F0F4B}.Release|Any CPU.Build.0 = Release|Any CPU
		{66FD63E5-831B-4236-A319-A41DC9C2D076}.Debug|Any CPU.ActiveCfg = Debug|Any CPU
		{66FD63E5-831B-4236-A319-A41DC9C2D076}.Debug|Any CPU.Build.0 = Debug|Any CPU
		{66FD63E5-831B-4236-A319-A41DC9C2D076}.Release|Any CPU.ActiveCfg = Release|Any CPU
		{66FD63E5-831B-4236-A319-A41DC9C2D076}.Release|Any CPU.Build.0 = Release|Any CPU
	EndGlobalSection
	GlobalSection(SolutionProperties) = preSolution
		HideSolutionNode = FALSE
	EndGlobalSection
	GlobalSection(ExtensibilityGlobals) = postSolution
		SolutionGuid = {DB65775C-7431-4099-BDEF-67A1CD632BA0}
	EndGlobalSection
EndGlobal
